# @generated - this file is auto-generated by `mise lock` https://mise.jdx.dev/dev-tools/mise-lock.html

lockfile_version = 3

[[tools."gem:bundler"]]
version = "2.6.9"
backend = "gem:bundler"
specifiers = ["2.6.9"]

[[tools.go]]
version = "1.26.9"
backend = "core:go"
specifiers = ["1.26.9"]

[tools.go."platforms.linux-arm64"]
checksum = "sha256:4a97373d49fcacdcf3694fea368a500b00ee3e963974f3e7514132717632f052"
url = "https://dl.google.com/go/go1.26.9.linux-arm64.tar.gz"

[tools.go."platforms.linux-x64"]
checksum = "sha256:42d158b4d8f7b61ac0a830567c940a86098fb7aac52e467a5ebec03ef5cc2f8d"
url = "https://dl.google.com/go/go1.26.9.linux-amd64.tar.gz"

[tools.go."platforms.macos-arm64"]
checksum = "sha256:f9bb7c0a02506c5d9bf0d1eb1f7ee6c7684f844ae49558308a0427b830e022cc"
url = "https://dl.google.com/go/go1.26.9.darwin-arm64.tar.gz"

[tools.go."platforms.macos-x64"]
checksum = "sha256:00c29e3d4c8562f547410daa18d2959b641bd691ab00c4a525ea817a0253d4bd"
url = "https://dl.google.com/go/go1.26.9.darwin-amd64.tar.gz"

[[tools.hugo-extended]]
version = "0.164.0"
backend = "aqua:gohugoio/hugo/hugo-extended"
specifiers = ["0.164.0"]

[tools.hugo-extended."platforms.linux-arm64"]
checksum = "sha256:232d3bc2d1d9510625985ff7c89767598ffea5bc6e5e2882c791313f5a43f723"
url = "https://github.com/gohugoio/hugo/releases/download/v0.164.0/hugo_extended_0.164.0_linux-arm64.tar.gz"
url_api = "https://api.github.com/repos/gohugoio/hugo/releases/assets/468320261"

[tools.hugo-extended."platforms.linux-x64"]
checksum = "sha256:fea17b8c076f950bb2e9f9486667bdaa29422883888d509d63931c73e8a9b3a4"
url = "https://github.com/gohugoio/hugo/releases/download/v0.164.0/hugo_extended_0.164.0_linux-amd64.tar.gz"
url_api = "https://api.github.com/repos/gohugoio/hugo/releases/assets/468320235"

[tools.hugo-extended."platforms.macos-arm64"]
checksum = "sha256:618491f40cbb36a9f55d4da761c55d89f79312130f926ff7f3e1dfa83ca15eb0"
url = "https://github.com/gohugoio/hugo/releases/download/v0.164.0/hugo_extended_0.164.0_darwin-universal.pkg"
url_api = "https://api.github.com/repos/gohugoio/hugo/releases/assets/468320276"

[tools.hugo-extended."platforms.macos-x64"]
checksum = "sha256:618491f40cbb36a9f55d4da761c55d89f79312130f926ff7f3e1dfa83ca15eb0"
url = "https://github.com/gohugoio/hugo/releases/download/v0.164.0/hugo_extended_0.164.0_darwin-universal.pkg"
url_api = "https://api.github.com/repos/gohugoio/hugo/releases/assets/468320276"

[[tools.java]]
version = "temurin-21.0.12+101.0.LTS"
backend = "core:java"
specifiers = ["temurin-21"]

[tools.java."platforms.linux-arm64"]
checksum = "sha256:23e37e026f12f3e706f18938ff611db3032d075b09d0879a25d06718c773e223"
url = "https://github.com/adoptium/temurin21-binaries/releases/download/jdk-21.0.12.1%2B1/OpenJDK21U-jdk_aarch64_linux_hotspot_21.0.12.1_1.tar.gz"

[tools.java."platforms.linux-x64"]
checksum = "sha256:ce79869e1307ed8ee1e2baa86a412b1eb5b75d10a01006d788a6f968bcfaee94"
url = "https://github.com/adoptium/temurin21-binaries/releases/download/jdk-21.0.12.1%2B1/OpenJDK21U-jdk_x64_linux_hotspot_21.0.12.1_1.tar.gz"

[tools.java."platforms.macos-arm64"]
checksum = "sha256:3623232f33a9c3baadf304480b2535f9a3cba8a58d42ecbb438ba267315d9998"
url = "https://github.com/adoptium/temurin21-binaries/releases/download/jdk-21.0.12.1%2B1/OpenJDK21U-jdk_aarch64_mac_hotspot_21.0.12.1_1.tar.gz"

[tools.java."platforms.macos-x64"]
checksum = "sha256:44db0f08196daf19a47f90d13388b0c943b67663cb537f998fe29e836fa842ce"
url = "https://github.com/adoptium/temurin21-binaries/releases/download/jdk-21.0.12.1%2B1/OpenJDK21U-jdk_x64_mac_hotspot_21.0.12.1_1.tar.gz"

[[tools.just]]
version = "1.58.0"
backend = "aqua:casey/just"
specifiers = ["1.58.0"]

[tools.just."platforms.linux-arm64"]
checksum = "sha256:748237128c4c40cbdabc65e841d05ceba13cc23a91eaba395495894c1d9764df"
url = "https://github.com/casey/just/releases/download/1.58.0/just-1.58.0-aarch64-unknown-linux-musl.tar.gz"
url_api = "https://api.github.com/repos/casey/just/releases/assets/500510099"

[tools.just."platforms.linux-x64"]
checksum = "sha256:4a5cc2f53e6f0f8c59092a6cc38291eb729d46a7dd95d3ae582008881b84931d"
url = "https://github.com/casey/just/releases/download/1.58.0/just-1.58.0-x86_64-unknown-linux-musl.tar.gz"
url_api = "https://api.github.com/repos/casey/just/releases/assets/500509978"

[tools.just."platforms.macos-arm64"]
checksum = "sha256:50ae3e996c974a0bf32ea7d10f495070df33f1b43e0616b2769e3d4821ed8f48"
url = "https://github.com/casey/just/releases/download/1.58.0/just-1.58.0-aarch64-apple-darwin.tar.gz"
url_api = "https://api.github.com/repos/casey/just/releases/assets/500509965"

[tools.just."platforms.macos-x64"]
checksum = "sha256:9a09cfef66aaa79da58203970103a0684307716caaabd3e9844cacc4dc0f4023"
url = "https://github.com/casey/just/releases/download/1.58.0/just-1.58.0-x86_64-apple-darwin.tar.gz"
url_api = "https://api.github.com/repos/casey/just/releases/assets/500510084"

[[tools.node]]
version = "22.23.3"
backend = "core:node"
specifiers = ["22"]

[tools.node."platforms.linux-arm64"]
checksum = "sha256:5ced2d48d1d7198739b7f86804de0171aefb6823b684b12341d3321afc3cb0b2"
url = "https://nodejs.org/dist/v22.23.3/node-v22.23.3-linux-arm64.tar.gz"

[tools.node."platforms.linux-x64"]
checksum = "sha256:1084aa36196bba4c3a5e69a1ee388a6e4ff729dad09445fbcd434b28fe3c24af"
url = "https://nodejs.org/dist/v22.23.3/node-v22.23.3-linux-x64.tar.gz"

[tools.node."platforms.macos-arm64"]
checksum = "sha256:23b25245dcfb9af7262f8ff142e9e2e0af025368117329e7a7458a51e5922f53"
url = "https://nodejs.org/dist/v22.23.3/node-v22.23.3-darwin-arm64.tar.gz"

[tools.node."platforms.macos-x64"]
checksum = "sha256:8a677b0219178efd6eb0e475457c4afb452b521a92f6e67845a73bd85727f2a8"
url = "https://nodejs.org/dist/v22.23.3/node-v22.23.3-darwin-x64.tar.gz"

[[tools.protoc]]
version = "36.1"
backend = "aqua:protocolbuffers/protobuf/protoc"
specifiers = ["36.1"]

[tools.protoc."platforms.linux-arm64"]
checksum = "sha256:237a68856edf1bd28b6204bddd0596c1cf46d298bc29c620012540b2e44c73e7"
url = "https://github.com/protocolbuffers/protobuf/releases/download/v36.1/protoc-36.1-linux-aarch_64.zip"
url_api = "https://api.github.com/repos/protocolbuffers/protobuf/releases/assets/538583148"

[tools.protoc."platforms.linux-x64"]
checksum = "sha256:c4bc672d9d49214dc8cafdceadf4df92182d6ca8e3ec65a56b2d7de5602669b4"
url = "https://github.com/protocolbuffers/protobuf/releases/download/v36.1/protoc-36.1-linux-x86_64.zip"
url_api = "https://api.github.com/repos/protocolbuffers/protobuf/releases/assets/538583183"

[tools.protoc."platforms.macos-arm64"]
checksum = "sha256:de56d57afe30c5d191b11d24ff93dd4025728d7fb43b773886b2d3613e0bdbb2"
url = "https://github.com/protocolbuffers/protobuf/releases/download/v36.1/protoc-36.1-osx-aarch_64.zip"
url_api = "https://api.github.com/repos/protocolbuffers/protobuf/releases/assets/538583189"

[tools.protoc."platforms.macos-x64"]
checksum = "sha256:ee2c5496e4af0aa6a224894bc0f7025145260e004d890487d510725ce8b473eb"
url = "https://github.com/protocolbuffers/protobuf/releases/download/v36.1/protoc-36.1-osx-x86_64.zip"
url_api = "https://api.github.com/repos/protocolbuffers/protobuf/releases/assets/538583191"

[[tools.python]]
version = "3.13.16"
backend = "core:python"
specifiers = ["3.13"]

[tools.python."platforms.linux-arm64"]
checksum = "sha256:6e9641400f8debd9b7924b27b5ff0662c372852382e291a76c450c7b67414cf6"
url = "https://github.com/astral-sh/python-build-standalone/releases/download/20261003/cpython-3.13.16+20261003-aarch64-unknown-linux-gnu-install_only_stripped.tar.gz"
provenance = "github-attestations"

[tools.python."platforms.linux-x64"]
checksum = "sha256:4595c5589fff7bf0cb158d9a88a797e0d791fa33830770fcb7bf3f4b104feeae"
url = "https://github.com/astral-sh/python-build-standalone/releases/download/20261003/cpython-3.13.16+20261003-x86_64-unknown-linux-gnu-install_only_stripped.tar.gz"
provenance = "github-attestations"

[tools.python."platforms.macos-arm64"]
checksum = "sha256:9e01f63bbb08576cd9c8bc2d0564d098cb30c8453a0cd4bcf6aef458f6d2a147"
url = "https://github.com/astral-sh/python-build-standalone/releases/download/20261003/cpython-3.13.16+20261003-aarch64-apple-darwin-install_only_stripped.tar.gz"
provenance = "github-attestations"

[tools.python."platforms.macos-x64"]
checksum = "sha256:b4dad38ba6a344555ccb71a1b08caad0a6c0dda88c5803658bc95bd7f04e9f5c"
url = "https://github.com/astral-sh/python-build-standalone/releases/download/20261003/cpython-3.13.16+20261003-x86_64-apple-darwin-install_only_stripped.tar.gz"
provenance = "github-attestations"

[[tools.ripgrep]]
version = "15.1.0"
backend = "aqua:BurntSushi/ripgrep"
specifiers = ["15.1.0"]

[tools.ripgrep."platforms.linux-arm64"]
checksum = "sha256:2b661c6ef508e902f388e9098d9c4c5aca72c87b55922d94abdba830b4dc885e"
url = "https://github.com/BurntSushi/ripgrep/releases/download/15.1.0/ripgrep-15.1.0-aarch64-unknown-linux-gnu.tar.gz"
url_api = "https://api.github.com/repos/BurntSushi/ripgrep/releases/assets/307306472"

[tools.ripgrep."platforms.linux-x64"]
checksum = "sha256:1c9297be4a084eea7ecaedf93eb03d058d6faae29bbc57ecdaf5063921491599"
url = "https://github.com/BurntSushi/ripgrep/releases/download/15.1.0/ripgrep-15.1.0-x86_64-unknown-linux-musl.tar.gz"
url_api = "https://api.github.com/repos/BurntSushi/ripgrep/releases/assets/307306614"

[tools.ripgrep."platforms.macos-arm64"]
checksum = "sha256:378e973289176ca0c6054054ee7f631a065874a352bf43f0fa60ef079b6ba715"
url = "https://github.com/BurntSushi/ripgrep/releases/download/15.1.0/ripgrep-15.1.0-aarch64-apple-darwin.tar.gz"
url_api = "https://api.github.com/repos/BurntSushi/ripgrep/releases/assets/307305438"

[tools.ripgrep."platforms.macos-x64"]
checksum = "sha256:64811cb24e77cac3057d6c40b63ac9becf9082eedd54ca411b475b755d334882"
url = "https://github.com/BurntSushi/ripgrep/releases/download/15.1.0/ripgrep-15.1.0-x86_64-apple-darwin.tar.gz"
url_api = "https://api.github.com/repos/BurntSushi/ripgrep/releases/assets/307305422"

[[tools.ruby]]
version = "3.3.11"
backend = "core:ruby"
specifiers = ["3.3.11"]

[tools.ruby.options]
compile = "false"
precompiled_url = "jdx/ruby"
ruby_build_repo = "https://github.com/rbenv/ruby-build.git"
ruby_install = "false"

[tools.ruby."platforms.linux-arm64"]
checksum = "sha256:3e2833b858e5134520a8617d871f12c097d143e073bd0f9a2c4b0dc67d0c4331"
url = "https://github.com/jdx/ruby/releases/download/3.3.11-6/ruby-3.3.11.arm64_linux.tar.gz"
provenance = "github-attestations"

[tools.ruby."platforms.linux-x64"]
checksum = "sha256:e0fee0601fd1b894d2a271c7df73778a411d2056eb43c2b4094baaf3a50d92ec"
url = "https://github.com/jdx/ruby/releases/download/3.3.11-6/ruby-3.3.11.x86_64_linux.tar.gz"
provenance = "github-attestations"

[tools.ruby."platforms.macos-arm64"]
checksum = "sha256:e64184a049f7ceb1336d1d6acf6222ddf1f34a53cf4920270dee5480d7fd9405"
url = "https://github.com/jdx/ruby/releases/download/3.3.11-6/ruby-3.3.11.macos.tar.gz"
provenance = "github-attestations"

[tools.ruby."platforms.macos-x64"]
checksum = "sha256:59f0fafb1a59a05dc3765117af3fa68e153eb48254708549f321c1e9e078d7a0"
url = "https://cache.ruby-lang.org/pub/ruby/3.3/ruby-3.3.11.tar.gz"
